
Microsoft Visual Studio Solution File, Format Version 12.00
# Visual Studio 15
VisualStudioVersion = 15.0.27703.2018
MinimumVisualStudioVersion = 10.0.40219.1
Project("{9A19103F-16F7-4668-BE54-9A1E7A4F7556}") = "TechnicalValidationTool.TestAutomation", "TechnicalValidationTool.TestAutomation\TechnicalValidationTool.TestAutomation.csproj", "{FC0539C3-1D2C-4D89-A38E-0AB73ECF64D8}"
EndProject
Global
	GlobalSection(SolutionConfigurationPlatforms) = preSolution
		Debug|Any CPU = Debug|Any CPU
		Release|Any CPU = Release|Any CPU
	EndGlobalSection
	GlobalSection(ProjectConfigurationPlatforms) = postSolution
		{FC0539C3-1D2C-4D89-A38E-0AB73ECF64D8}.Debug|Any CPU.ActiveCfg = Debug|Any CPU
		{FC0539C3-1D2C-4D89-A38E-0AB73ECF64D8}.Debug|Any CPU.Build.0 = Debug|Any CPU
		{FC0539C3-1D2C-4D89-A38E-0AB73ECF64D8}.Release|Any CPU.ActiveCfg = Release|Any CPU
		{FC0539C3-1D2C-4D89-A38E-0AB73ECF64D8}.Release|Any CPU.Build.0 = Release|Any CPU
	EndGlobalSection
	GlobalSection(SolutionProperties) = preSolution
		HideSolutionNode = FALSE
	EndGlobalSection
	GlobalSection(ExtensibilityGlobals) = postSolution
		SolutionGuid = {41496ECC-A389-4649-A159-3F18D7AF4718}
	EndGlobalSection
EndGlobal
